
Microsoft Visual Studio Solution File, Format Version 12.00
# Visual Studio 14
VisualStudioVersion = 14.0.25123.0
MinimumVisualStudioVersion = 10.0.40219.1
Project("{FAE04EC0-301F-11D3-BF4B-00C04F79EFBC}") = "Aplicada1-2016-2", "Aplicada1-2016-2\Aplicada1-2016-2.csproj", "{CD8CA7DC-15D9-4710-B063-C8E3AB7DC365}"
EndProject
Project("{FAE04EC0-301F-11D3-BF4B-00C04F79EFBC}") = "Aplicada1-2016-2Tests", "Aplicada1-2016-2Tests\Aplicada1-2016-2Tests.csproj", "{1B3EB369-495D-474C-B39F-004E7A36FA7E}"
EndProject
Project("{FAE04EC0-301F-11D3-BF4B-00C04F79EFBC}") = "BLL", "BLL\BLL.csproj", "{3467F52E-8B05-4904-B46F-74D3747FA183}"
EndProject
Project("{FAE04EC0-301F-11D3-BF4B-00C04F79EFBC}") = "DAL", "DAL\DAL.csproj", "{B4276070-BEA6-47A8-A144-310FC3A41EC0}"
EndProject
Project("{FAE04EC0-301F-11D3-BF4B-00C04F79EFBC}") = "Entidades", "Entidades\Entidades.csproj", "{228175C9-09E6-48DB-BCAC-F497BBFD8C29}"
EndProject
Global
	GlobalSection(SolutionConfigurationPlatforms) = preSolution
		Debug|Any CPU = Debug|Any CPU
		Release|Any CPU = Release|Any CPU
	EndGlobalSection
	GlobalSection(ProjectConfigurationPlatforms) = postSolution
		{CD8CA7DC-15D9-4710-B063-C8E3AB7DC365}.Debug|Any CPU.ActiveCfg = Debug|Any CPU
		{CD8CA7DC-15D9-4710-B063-C8E3AB7DC365}.Debug|Any CPU.Build.0 = Debug|Any CPU
		{CD8CA7DC-15D9-4710-B063-C8E3AB7DC365}.Release|Any CPU.ActiveCfg = Release|Any CPU
		{CD8CA7DC-15D9-4710-B063-C8E3AB7DC365}.Release|Any CPU.Build.0 = Release|Any CPU
		{1B3EB369-495D-474C-B39F-004E7A36FA7E}.Debug|Any CPU.ActiveCfg = Debug|Any CPU
		{1B3EB369-495D-474C-B39F-004E7A36FA7E}.Debug|Any CPU.Build.0 = Debug|Any CPU
		{1B3EB369-495D-474C-B39F-004E7A36FA7E}.Release|Any CPU.ActiveCfg = Release|Any CPU
		{1B3EB369-495D-474C-B39F-004E7A36FA7E}.Release|Any CPU.Build.0 = Release|Any CPU
		{3467F52E-8B05-4904-B46F-74D3747FA183}.Debug|Any CPU.ActiveCfg = Debug|Any CPU
		{3467F52E-8B05-4904-B46F-74D3747FA183}.Debug|Any CPU.Build.0 = Debug|Any CPU
		{3467F52E-8B05-4904-B46F-74D3747FA183}.Release|Any CPU.ActiveCfg = Release|Any CPU
		{3467F52E-8B05-4904-B46F-74D3747FA183}.Release|Any CPU.Build.0 = Release|Any CPU
		{B4276070-BEA6-47A8-A144-310FC3A41EC0}.Debug|Any CPU.ActiveCfg = Debug|Any CPU
		{B4276070-BEA6-47A8-A144-310FC3A41EC0}.Debug|Any CPU.Build.0 = Debug|Any CPU
		{B4276070-BEA6-47A8-A144-310FC3A41EC0}.Release|Any CPU.ActiveCfg = Release|Any CPU
		{B4276070-BEA6-47A8-A144-310FC3A41EC0}.Release|Any CPU.Build.0 = Release|Any CPU
		{228175C9-09E6-48DB-BCAC-F497BBFD8C29}.Debug|Any CPU.ActiveCfg = Debug|Any CPU
		{228175C9-09E6-48DB-BCAC-F497BBFD8C29}.Debug|Any CPU.Build.0 = Debug|Any CPU
		{228175C9-09E6-48DB-BCAC-F497BBFD8C29}.Release|Any CPU.ActiveCfg = Release|Any CPU
		{228175C9-09E6-48DB-BCAC-F497BBFD8C29}.Release|Any CPU.Build.0 = Release|Any CPU
	EndGlobalSection
	GlobalSection(SolutionProperties) = preSolution
		HideSolutionNode = FALSE
	EndGlobalSection
EndGlobal
